// !$*UTF8*$!
{
	archiveVersion = 1;
	classes = {
	};
	objectVersion = 55;
	objects = {

/* Begin PBXBuildFile section */
		D9E9458F28389F6B0021DEC9 /* Flag_Raising_2_0App.swift in Sources */ = {isa = PBXBuildFile; fileRef = D9E9457F28389F680021DEC9 /* Flag_Raising_2_0App.swift */; };
		D9E9459028389F6B0021DEC9 /* Flag_Raising_2_0App.swift in Sources */ = {isa = PBXBuildFile; fileRef = D9E9457F28389F680021DEC9 /* Flag_Raising_2_0App.swift */; };
		D9E9459128389F6B0021DEC9 /* ContentView.swift in Sources */ = {isa = PBXBuildFile; fileRef = D9E9458028389F680021DEC9 /* ContentView.swift */; };
		D9E9459228389F6B0021DEC9 /* ContentView.swift in Sources */ = {isa = PBXBuildFile; fileRef = D9E9458028389F680021DEC9 /* ContentView.swift */; };
		D9E9459328389F6B0021DEC9 /* Assets.xcassets in Resources */ = {isa = PBXBuildFile; fileRef = D9E9458128389F6B0021DEC9 /* Assets.xcassets */; };
		D9E9459428389F6B0021DEC9 /* Assets.xcassets in Resources */ = {isa = PBXBuildFile; fileRef = D9E9458128389F6B0021DEC9 /* Assets.xcassets */; };
/* End PBXBuildFile section */

/* Begin PBXFileReference section */
		D9E9457F28389F680021DEC9 /* Flag_Raising_2_0App.swift */ = {isa = PBXFileReference; lastKnownFileType = sourcecode.swift; path = Flag_Raising_2_0App.swift; sourceTree = "<group>"; };
		D9E9458028389F680021DEC9 /* ContentView.swift */ = {isa = PBXFileReference; lastKnownFileType = sourcecode.swift; path = ContentView.swift; sourceTree = "<group>"; };
		D9E9458128389F6B0021DEC9 /* Assets.xcassets */ = {isa = PBXFileReference; lastKnownFileType = folder.assetcatalog; path = Assets.xcassets; sourceTree = "<group>"; };
		D9E9458628389F6B0021DEC9 /* Flag Raising 2.0.app */ = {isa = PBXFileReference; explicitFileType = wrapper.application; includeInIndex = 0; path = "Flag Raising 2.0.app"; sourceTree = BUILT_PRODUCTS_DIR; };
		D9E9458C28389F6B0021DEC9 /* Flag Raising 2.0.app */ = {isa = PBXFileReference; explicitFileType = wrapper.application; includeInIndex = 0; path = "Flag Raising 2.0.app"; sourceTree = BUILT_PRODUCTS_DIR; };
		D9E9458E28389F6B0021DEC9 /* macOS.entitlements */ = {isa = PBXFileReference; lastKnownFileType = text.plist.entitlements; path = macOS.entitlements; sourceTree = "<group>"; };
/* End PBXFileReference section */

/* Begin PBXFrameworksBuildPhase section */
		D9E9458328389F6B0021DEC9 /* Frameworks */ = {
			isa = PBXFrameworksBuildPhase;
			buildActionMask = 2147483647;
			files = (
			);
			runOnlyForDeploymentPostprocessing = 0;
		};
		D9E9458928389F6B0021DEC9 /* Frameworks */ = {
			isa = PBXFrameworksBuildPhase;
			buildActionMask = 2147483647;
			files = (
			);
			runOnlyForDeploymentPostprocessing = 0;
		};
/* End PBXFrameworksBuildPhase section */

/* Begin PBXGroup section */
		D9E9457928389F680021DEC9 = {
			isa = PBXGroup;
			children = (
				D9E9457E28389F680021DEC9 /* Shared */,
				D9E9458D28389F6B0021DEC9 /* macOS */,
				D9E9458728389F6B0021DEC9 /* Products */,
			);
			sourceTree = "<group>";
		};
		D9E9457E28389F680021DEC9 /* Shared */ = {
			isa = PBXGroup;
			children = (
				D9E9457F28389F680021DEC9 /* Flag_Raising_2_0App.swift */,
				D9E9458028389F680021DEC9 /* ContentView.swift */,
				D9E9458128389F6B0021DEC9 /* Assets.xcassets */,
			);
			path = Shared;
			sourceTree = "<group>";
		};
		D9E9458728389F6B0021DEC9 /* Products */ = {
			isa = PBXGroup;
			children = (
				D9E9458628389F6B0021DEC9 /* Flag Raising 2.0.app */,
				D9E9458C28389F6B0021DEC9 /* Flag Raising 2.0.app */,
			);
			name = Products;
			sourceTree = "<group>";
		};
		D9E9458D28389F6B0021DEC9 /* macOS */ = {
			isa = PBXGroup;
			children = (
				D9E9458E28389F6B0021DEC9 /* macOS.entitlements */,
			);
			path = macOS;
			sourceTree = "<group>";
		};
/* End PBXGroup section */

/* Begin PBXNativeTarget section */
		D9E9458528389F6B0021DEC9 /* Flag Raising 2.0 (iOS) */ = {
			isa = PBXNativeTarget;
			buildConfigurationList = D9E9459728389F6B0021DEC9 /* Build configuration list for PBXNativeTarget "Flag Raising 2.0 (iOS)" */;
			buildPhases = (
				D9E9458228389F6B0021DEC9 /* Sources */,
				D9E9458328389F6B0021DEC9 /* Frameworks */,
				D9E9458428389F6B0021DEC9 /* Resources */,
			);
			buildRules = (
			);
			dependencies = (
			);
			name = "Flag Raising 2.0 (iOS)";
			productName = "Flag Raising 2.0 (iOS)";
			productReference = D9E9458628389F6B0021DEC9 /* Flag Raising 2.0.app */;
			productType = "com.apple.product-type.application";
		};
		D9E9458B28389F6B0021DEC9 /* Flag Raising 2.0 (macOS) */ = {
			isa = PBXNativeTarget;
			buildConfigurationList = D9E9459A28389F6B0021DEC9 /* Build configuration list for PBXNativeTarget "Flag Raising 2.0 (macOS)" */;
			buildPhases = (
				D9E9458828389F6B0021DEC9 /* Sources */,
				D9E9458928389F6B0021DEC9 /* Frameworks */,
				D9E9458A28389F6B0021DEC9 /* Resources */,
			);
			buildRules = (
			);
			dependencies = (
			);
			name = "Flag Raising 2.0 (macOS)";
			productName = "Flag Raising 2.0 (macOS)";
			productReference = D9E9458C28389F6B0021DEC9 /* Flag Raising 2.0.app */;
			productType = "com.apple.product-type.application";
		};
/* End PBXNativeTarget section */

/* Begin PBXProject section */
		D9E9457A28389F680021DEC9 /* Project object */ = {
			isa = PBXProject;
			attributes = {
				BuildIndependentTargetsInParallel = 1;
				LastSwiftUpdateCheck = 1340;
				LastUpgradeCheck = 1340;
				TargetAttributes = {
					D9E9458528389F6B0021DEC9 = {
						CreatedOnToolsVersion = 13.4;
					};
					D9E9458B28389F6B0021DEC9 = {
						CreatedOnToolsVersion = 13.4;
					};
				};
			};
			buildConfigurationList = D9E9457D28389F680021DEC9 /* Build configuration list for PBXProject "Flag Raising 2.0" */;
			compatibilityVersion = "Xcode 13.0";
			developmentRegion = en;
			hasScannedForEncodings = 0;
			knownRegions = (
				en,
				Base,
			);
			mainGroup = D9E9457928389F680021DEC9;
			productRefGroup = D9E9458728389F6B0021DEC9 /* Products */;
			projectDirPath = "";
			projectRoot = "";
			targets = (
				D9E9458528389F6B0021DEC9 /* Flag Raising 2.0 (iOS) */,
				D9E9458B28389F6B0021DEC9 /* Flag Raising 2.0 (macOS) */,
			);
		};
/* End PBXProject section */

/* Begin PBXResourcesBuildPhase section */
		D9E9458428389F6B0021DEC9 /* Resources */ = {
			isa = PBXResourcesBuildPhase;
			buildActionMask = 2147483647;
			files = (
				D9E9459328389F6B0021DEC9 /* Assets.xcassets in Resources */,
			);
			runOnlyForDeploymentPostprocessing = 0;
		};
		D9E9458A28389F6B0021DEC9 /* Resources */ = {
			isa = PBXResourcesBuildPhase;
			buildActionMask = 2147483647;
			files = (
				D9E9459428389F6B0021DEC9 /* Assets.xcassets in Resources */,
			);
			runOnlyForDeploymentPostprocessing = 0;
		};
/* End PBXResourcesBuildPhase section */

/* Begin PBXSourcesBuildPhase section */
		D9E9458228389F6B0021DEC9 /* Sources */ = {
			isa = PBXSourcesBuildPhase;
			buildActionMask = 2147483647;
			files = (
				D9E9459128389F6B0021DEC9 /* ContentView.swift in Sources */,
				D9E9458F28389F6B0021DEC9 /* Flag_Raising_2_0App.swift in Sources */,
			);
			runOnlyForDeploymentPostprocessing = 0;
		};
		D9E9458828389F6B0021DEC9 /* Sources */ = {
			isa = PBXSourcesBuildPhase;
			buildActionMask = 2147483647;
			files = (
				D9E9459228389F6B0021DEC9 /* ContentView.swift in Sources */,
				D9E9459028389F6B0021DEC9 /* Flag_Raising_2_0App.swift in Sources */,
			);
			runOnlyForDeploymentPostprocessing = 0;
		};
/* End PBXSourcesBuildPhase section */

/* Begin XCBuildConfiguration section */
		D9E9459528389F6B0021DEC9 /* Debug */ = {
			isa = XCBuildConfiguration;
			buildSettings = {
				ALWAYS_SEARCH_USER_PATHS = NO;
				CLANG_ANALYZER_NONNULL = YES;
				CLANG_ANALYZER_NUMBER_OBJECT_CONVERSION = YES_AGGRESSIVE;
				CLANG_CXX_LANGUAGE_STANDARD = "gnu++17";
				CLANG_ENABLE_MODULES = YES;
				CLANG_ENABLE_OBJC_ARC = YES;
				CLANG_ENABLE_OBJC_WEAK = YES;
				CLANG_WARN_BLOCK_CAPTURE_AUTORELEASING = YES;
				CLANG_WARN_BOOL_CONVERSION = YES;
				CLANG_WARN_COMMA = YES;
				CLANG_WARN_CONSTANT_CONVERSION = YES;
				CLANG_WARN_DEPRECATED_OBJC_IMPLEMENTATIONS = YES;
				CLANG_WARN_DIRECT_OBJC_ISA_USAGE = YES_ERROR;
				CLANG_WARN_DOCUMENTATION_COMMENTS = YES;
				CLANG_WARN_EMPTY_BODY = YES;
				CLANG_WARN_ENUM_CONVERSION = YES;
				CLANG_WARN_INFINITE_RECURSION = YES;
				CLANG_WARN_INT_CONVERSION = YES;
				CLANG_WARN_NON_LITERAL_NULL_CONVERSION = YES;
				CLANG_WARN_OBJC_IMPLICIT_RETAIN_SELF = YES;
				CLANG_WARN_OBJC_LITERAL_CONVERSION = YES;
				CLANG_WARN_OBJC_ROOT_CLASS = YES_ERROR;
				CLANG_WARN_QUOTED_INCLUDE_IN_FRAMEWORK_HEADER = YES;
				CLANG_WARN_RANGE_LOOP_ANALYSIS = YES;
				CLANG_WARN_STRICT_PROTOTYPES = YES;
				CLANG_WARN_SUSPICIOUS_MOVE = YES;
				CLANG_WARN_UNGUARDED_AVAILABILITY = YES_AGGRESSIVE;
				CLANG_WARN_UNREACHABLE_CODE = YES;
				CLANG_WARN__DUPLICATE_METHOD_MATCH = YES;
				COPY_PHASE_STRIP = NO;
				DEBUG_INFORMATION_FORMAT = dwarf;
				ENABLE_STRICT_OBJC_MSGSEND = YES;
				ENABLE_TESTABILITY = YES;
				GCC_C_LANGUAGE_STANDARD = gnu11;
				GCC_DYNAMIC_NO_PIC = NO;
				GCC_NO_COMMON_BLOCKS = YES;
				GCC_OPTIMIZATION_LEVEL = 0;
				GCC_PREPROCESSOR_DEFINITIONS = (
					"DEBUG=1",
					"$(inherited)",
				);
				GCC_WARN_64_TO_32_BIT_CONVERSION = YES;
				GCC_WARN_ABOUT_RETURN_TYPE = YES_ERROR;
				GCC_WARN_UNDECLARED_SELECTOR = YES;
				GCC_WARN_UNINITIALIZED_AUTOS = YES_AGGRESSIVE;
				GCC_WARN_UNUSED_FUNCTION = YES;
				GCC_WARN_UNUSED_VARIABLE = YES;
				MTL_ENABLE_DEBUG_INFO = INCLUDE_SOURCE;
				MTL_FAST_MATH = YES;
				ONLY_ACTIVE_ARCH = YES;
				SWIFT_ACTIVE_COMPILATION_CONDITIONS = DEBUG;
				SWIFT_OPTIMIZATION_LEVEL = "-Onone";
			};
			name = Debug;
		};
		D9E9459628389F6B0021DEC9 /* Release */ = {
			isa = XCBuildConfiguration;
			buildSettings = {
				ALWAYS_SEARCH_USER_PATHS = NO;
				CLANG_ANALYZER_NONNULL = YES;
				CLANG_ANALYZER_NUMBER_OBJECT_CONVERSION = YES_AGGRESSIVE;
				CLANG_CXX_LANGUAGE_STANDARD = "gnu++17";
				CLANG_ENABLE_MODULES = YES;
				CLANG_ENABLE_OBJC_ARC = YES;
				CLANG_ENABLE_OBJC_WEAK = YES;
				CLANG_WARN_BLOCK_CAPTURE_AUTORELEASING = YES;
				CLANG_WARN_BOOL_CONVERSION = YES;
				CLANG_WARN_COMMA = YES;
				CLANG_WARN_CONSTANT_CONVERSION = YES;
				CLANG_WARN_DEPRECATED_OBJC_IMPLEMENTATIONS = YES;
				CLANG_WARN_DIRECT_OBJC_ISA_USAGE = YES_ERROR;
				CLANG_WARN_DOCUMENTATION_COMMENTS = YES;
				CLANG_WARN_EMPTY_BODY = YES;
				CLANG_WARN_ENUM_CONVERSION = YES;
				CLANG_WARN_INFINITE_RECURSION = YES;
				CLANG_WARN_INT_CONVERSION = YES;
				CLANG_WARN_NON_LITERAL_NULL_CONVERSION = YES;
				CLANG_WARN_OBJC_IMPLICIT_RETAIN_SELF = YES;
				CLANG_WARN_OBJC_LITERAL_CONVERSION = YES;
				CLANG_WARN_OBJC_ROOT_CLASS = YES_ERROR;
				CLANG_WARN_QUOTED_INCLUDE_IN_FRAMEWORK_HEADER = YES;
				CLANG_WARN_RANGE_LOOP_ANALYSIS = YES;
				CLANG_WARN_STRICT_PROTOTYPES = YES;
				CLANG_WARN_SUSPICIOUS_MOVE = YES;
				CLANG_WARN_UNGUARDED_AVAILABILITY = YES_AGGRESSIVE;
				CLANG_WARN_UNREACHABLE_CODE = YES;
				CLANG_WARN__DUPLICATE_METHOD_MATCH = YES;
				COPY_PHASE_STRIP = NO;
				DEBUG_INFORMATION_FORMAT = "dwarf-with-dsym";
				ENABLE_NS_ASSERTIONS = NO;
				ENABLE_STRICT_OBJC_MSGSEND = YES;
				GCC_C_LANGUAGE_STANDARD = gnu11;
				GCC_NO_COMMON_BLOCKS = YES;
				GCC_WARN_64_TO_32_BIT_CONVERSION = YES;
				GCC_WARN_ABOUT_RETURN_TYPE = YES_ERROR;
				GCC_WARN_UNDECLARED_SELECTOR = YES;
				GCC_WARN_UNINITIALIZED_AUTOS = YES_AGGRESSIVE;
				GCC_WARN_UNUSED_FUNCTION = YES;
				GCC_WARN_UNUSED_VARIABLE = YES;
				MTL_ENABLE_DEBUG_INFO = NO;
				MTL_FAST_MATH = YES;
				SWIFT_COMPILATION_MODE = wholemodule;
				SWIFT_OPTIMIZATION_LEVEL = "-O";
			};
			name = Release;
		};
		D9E9459828389F6B0021DEC9 /* Debug */ = {
			isa = XCBuildConfiguration;
			buildSettings = {
				ASSETCATALOG_COMPILER_APPICON_NAME = AppIcon;
				ASSETCATALOG_COMPILER_GLOBAL_ACCENT_COLOR_NAME = AccentColor;
				CODE_SIGN_STYLE = Automatic;
				CURRENT_PROJECT_VERSION = 1;
				ENABLE_PREVIEWS = YES;
				GENERATE_INFOPLIST_FILE = YES;
				INFOPLIST_KEY_UIApplicationSceneManifest_Generation = YES;
				INFOPLIST_KEY_UIApplicationSupportsIndirectInputEvents = YES;
				INFOPLIST_KEY_UILaunchScreen_Generation = YES;
				INFOPLIST_KEY_UISupportedInterfaceOrientations_iPad = "UIInterfaceOrientationPortrait UIInterfaceOrientationPortraitUpsideDown UIInterfaceOrientationLandscapeLeft UIInterfaceOrientationLandscapeRight";
				INFOPLIST_KEY_UISupportedInterfaceOrientations_iPhone = "UIInterfaceOrientationPortrait UIInterfaceOrientationLandscapeLeft UIInterfaceOrientationLandscapeRight";
				IPHONEOS_DEPLOYMENT_TARGET = 15.5;
				LD_RUNPATH_SEARCH_PATHS = (
					"$(inherited)",
					"@executable_path/Frameworks",
				);
				MARKETING_VERSION = 1.0;
				PRODUCT_BUNDLE_IDENTIFIER = "sg.tk.Flag-Raising-2-0";
				PRODUCT_NAME = "Flag Raising 2.0";
				SDKROOT = iphoneos;
				SWIFT_EMIT_LOC_STRINGS = YES;
				SWIFT_VERSION = 5.0;
				TARGETED_DEVICE_FAMILY = "1,2";
			};
			name = Debug;
		};
		D9E9459928389F6B0021DEC9 /* Release */ = {
			isa = XCBuildConfiguration;
			buildSettings = {
				ASSETCATALOG_COMPILER_APPICON_NAME = AppIcon;
				ASSETCATALOG_COMPILER_GLOBAL_ACCENT_COLOR_NAME = AccentColor;
				CODE_SIGN_STYLE = Automatic;
				CURRENT_PROJECT_VERSION = 1;
				ENABLE_PREVIEWS = YES;
				GENERATE_INFOPLIST_FILE = YES;
				INFOPLIST_KEY_UIApplicationSceneManifest_Generation = YES;
				INFOPLIST_KEY_UIApplicationSupportsIndirectInputEvents = YES;
				INFOPLIST_KEY_UILaunchScreen_Generation = YES;
				INFOPLIST_KEY_UISupportedInterfaceOrientations_iPad = "UIInterfaceOrientationPortrait UIInterfaceOrientationPortraitUpsideDown UIInterfaceOrientationLandscapeLeft UIInterfaceOrientationLandscapeRight";
				INFOPLIST_KEY_UISupportedInterfaceOrientations_iPhone = "UIInterfaceOrientationPortrait UIInterfaceOrientationLandscapeLeft UIInterfaceOrientationLandscapeRight";
				IPHONEOS_DEPLOYMENT_TARGET = 15.5;
				LD_RUNPATH_SEARCH_PATHS = (
					"$(inherited)",
					"@executable_path/Frameworks",
				);
				MARKETING_VERSION = 1.0;
				PRODUCT_BUNDLE_IDENTIFIER = "sg.tk.Flag-Raising-2-0";
				PRODUCT_NAME = "Flag Raising 2.0";
				SDKROOT = iphoneos;
				SWIFT_EMIT_LOC_STRINGS = YES;
				SWIFT_VERSION = 5.0;
				TARGETED_DEVICE_FAMILY = "1,2";
				VALIDATE_PRODUCT = YES;
			};
			name = Release;
		};
		D9E9459B28389F6B0021DEC9 /* Debug */ = {
			isa = XCBuildConfiguration;
			buildSettings = {
				ASSETCATALOG_COMPILER_APPICON_NAME = AppIcon;
				ASSETCATALOG_COMPILER_GLOBAL_ACCENT_COLOR_NAME = AccentColor;
				CODE_SIGN_ENTITLEMENTS = macOS/macOS.entitlements;
				CODE_SIGN_STYLE = Automatic;
				COMBINE_HIDPI_IMAGES = YES;
				CURRENT_PROJECT_VERSION = 1;
				ENABLE_PREVIEWS = YES;
				GENERATE_INFOPLIST_FILE = YES;
				INFOPLIST_KEY_NSHumanReadableCopyright = "";
				LD_RUNPATH_SEARCH_PATHS = (
					"$(inherited)",
					"@executable_path/../Frameworks",
				);
				MACOSX_DEPLOYMENT_TARGET = 12.3;
				MARKETING_VERSION = 1.0;
				PRODUCT_BUNDLE_IDENTIFIER = "sg.tk.Flag-Raising-2-0";
				PRODUCT_NAME = "Flag Raising 2.0";
				SDKROOT = macosx;
				SWIFT_EMIT_LOC_STRINGS = YES;
				SWIFT_VERSION = 5.0;
			};
			name = Debug;
		};
		D9E9459C28389F6B0021DEC9 /* Release */ = {
			isa = XCBuildConfiguration;
			buildSettings = {
				ASSETCATALOG_COMPILER_APPICON_NAME = AppIcon;
				ASSETCATALOG_COMPILER_GLOBAL_ACCENT_COLOR_NAME = AccentColor;
				CODE_SIGN_ENTITLEMENTS = macOS/macOS.entitlements;
				CODE_SIGN_STYLE = Automatic;
				COMBINE_HIDPI_IMAGES = YES;
				CURRENT_PROJECT_VERSION = 1;
				ENABLE_PREVIEWS = YES;
				GENERATE_INFOPLIST_FILE = YES;
				INFOPLIST_KEY_NSHumanReadableCopyright = "";
				LD_RUNPATH_SEARCH_PATHS = (
					"$(inherited)",
					"@executable_path/../Frameworks",
				);
				MACOSX_DEPLOYMENT_TARGET = 12.3;
				MARKETING_VERSION = 1.0;
				PRODUCT_BUNDLE_IDENTIFIER = "sg.tk.Flag-Raising-2-0";
				PRODUCT_NAME = "Flag Raising 2.0";
				SDKROOT = macosx;
				SWIFT_EMIT_LOC_STRINGS = YES;
				SWIFT_VERSION = 5.0;
			};
			name = Release;
		};
/* End XCBuildConfiguration section */

/* Begin XCConfigurationList section */
		D9E9457D28389F680021DEC9 /* Build configuration list for PBXProject "Flag Raising 2.0" */ = {
			isa = XCConfigurationList;
			buildConfigurations = (
				D9E9459528389F6B0021DEC9 /* Debug */,
				D9E9459628389F6B0021DEC9 /* Release */,
			);
			defaultConfigurationIsVisible = 0;
			defaultConfigurationName = Release;
		};
		D9E9459728389F6B0021DEC9 /* Build configuration list for PBXNativeTarget "Flag Raising 2.0 (iOS)" */ = {
			isa = XCConfigurationList;
			buildConfigurations = (
				D9E9459828389F6B0021DEC9 /* Debug */,
				D9E9459928389F6B0021DEC9 /* Release */,
			);
			defaultConfigurationIsVisible = 0;
			defaultConfigurationName = Release;
		};
		D9E9459A28389F6B0021DEC9 /* Build configuration list for PBXNativeTarget "Flag Raising 2.0 (macOS)" */ = {
			isa = XCConfigurationList;
			buildConfigurations = (
				D9E9459B28389F6B0021DEC9 /* Debug */,
				D9E9459C28389F6B0021DEC9 /* Release */,
			);
			defaultConfigurationIsVisible = 0;
			defaultConfigurationName = Release;
		};
/* End XCConfigurationList section */
	};
	rootObject = D9E9457A28389F680021DEC9 /* Project object */;
}
